
Microsoft Visual Studio Solution File, Format Version 12.00
# Visual Studio Version 16
VisualStudioVersion = 16.0.31205.134
MinimumVisualStudioVersion = 10.0.40219.1
Project("{FAE04EC0-301F-11D3-BF4B-00C04F79EFBC}") = "UnitTestWeb", "UnitTestWeb\UnitTestWeb.csproj", "{B499A03B-C0E6-4C22-A936-6A5116FA49A3}"
EndProject
Project("{FAE04EC0-301F-11D3-BF4B-00C04F79EFBC}") = "UnitTestWebTests", "UnitTestWebTests\UnitTestWebTests.csproj", "{6DD5034F-956F-49F8-BA38-838D1E3DB8B2}"
EndProject
Global
	GlobalSection(SolutionConfigurationPlatforms) = preSolution
		Debug|Any CPU = Debug|Any CPU
		Release|Any CPU = Release|Any CPU
	EndGlobalSection
	GlobalSection(ProjectConfigurationPlatforms) = postSolution
		{B499A03B-C0E6-4C22-A936-6A5116FA49A3}.Debug|Any CPU.ActiveCfg = Debug|Any CPU
		{B499A03B-C0E6-4C22-A936-6A5116FA49A3}.Debug|Any CPU.Build.0 = Debug|Any CPU
		{B499A03B-C0E6-4C22-A936-6A5116FA49A3}.Release|Any CPU.ActiveCfg = Release|Any CPU
		{B499A03B-C0E6-4C22-A936-6A5116FA49A3}.Release|Any CPU.Build.0 = Release|Any CPU
		{6DD5034F-956F-49F8-BA38-838D1E3DB8B2}.Debug|Any CPU.ActiveCfg = Debug|Any CPU
		{6DD5034F-956F-49F8-BA38-838D1E3DB8B2}.Debug|Any CPU.Build.0 = Debug|Any CPU
		{6DD5034F-956F-49F8-BA38-838D1E3DB8B2}.Release|Any CPU.ActiveCfg = Release|Any CPU
		{6DD5034F-956F-49F8-BA38-838D1E3DB8B2}.Release|Any CPU.Build.0 = Release|Any CPU
	EndGlobalSection
	GlobalSection(SolutionProperties) = preSolution
		HideSolutionNode = FALSE
	EndGlobalSection
	GlobalSection(ExtensibilityGlobals) = postSolution
		SolutionGuid = {C52DEBEB-537A-459D-A0FC-59FEF102D3DF}
	EndGlobalSection
EndGlobal
